
Microsoft Visual Studio Solution File, Format Version 12.00
# Visual Studio 14
VisualStudioVersion = 14.0.25420.1
MinimumVisualStudioVersion = 10.0.40219.1
Project("{FAE04EC0-301F-11D3-BF4B-00C04F79EFBC}") = "MarkCSharp", "MarkCSharp\MarkCSharp.csproj", "{7520AC04-DE1C-432D-957F-0721985B9435}"
EndProject
Project("{FAE04EC0-301F-11D3-BF4B-00C04F79EFBC}") = "Library", "Library\Library.csproj", "{8084CB58-B607-4866-92B6-75A78DC9106E}"
EndProject
Global
	GlobalSection(SolutionConfigurationPlatforms) = preSolution
		Debug|Any CPU = Debug|Any CPU
		Release|Any CPU = Release|Any CPU
	EndGlobalSection
	GlobalSection(ProjectConfigurationPlatforms) = postSolution
		{7520AC04-DE1C-432D-957F-0721985B9435}.Debug|Any CPU.ActiveCfg = Debug|Any CPU
		{7520AC04-DE1C-432D-957F-0721985B9435}.Debug|Any CPU.Build.0 = Debug|Any CPU
		{7520AC04-DE1C-432D-957F-0721985B9435}.Release|Any CPU.ActiveCfg = Release|Any CPU
		{7520AC04-DE1C-432D-957F-0721985B9435}.Release|Any CPU.Build.0 = Release|Any CPU
		{8084CB58-B607-4866-92B6-75A78DC9106E}.Debug|Any CPU.ActiveCfg = Debug|Any CPU
		{8084CB58-B607-4866-92B6-75A78DC9106E}.Debug|Any CPU.Build.0 = Debug|Any CPU
		{8084CB58-B607-4866-92B6-75A78DC9106E}.Release|Any CPU.ActiveCfg = Release|Any CPU
		{8084CB58-B607-4866-92B6-75A78DC9106E}.Release|Any CPU.Build.0 = Release|Any CPU
	EndGlobalSection
	GlobalSection(SolutionProperties) = preSolution
		HideSolutionNode = FALSE
	EndGlobalSection
EndGlobal
